
Microsoft Visual Studio Solution File, Format Version 12.00
# Visual Studio Version 17
VisualStudioVersion = 17.14.36121.58 d17.14
MinimumVisualStudioVersion = 10.0.40219.1
Project("{FAE04EC0-301F-11D3-BF4B-00C04F79EFBC}") = "Register", "Register\Register.csproj", "{F04AFAEF-0FF6-4827-ACB1-46D12428D0E7}"
EndProject
Global
	GlobalSection(SolutionConfigurationPlatforms) = preSolution
		Debug|Any CPU = Debug|Any CPU
		Release|Any CPU = Release|Any CPU
	EndGlobalSection
	GlobalSection(ProjectConfigurationPlatforms) = postSolution
		{F04AFAEF-0FF6-4827-ACB1-46D12428D0E7}.Debug|Any CPU.ActiveCfg = Debug|Any CPU
		{F04AFAEF-0FF6-4827-ACB1-46D12428D0E7}.Debug|Any CPU.Build.0 = Debug|Any CPU
		{F04AFAEF-0FF6-4827-ACB1-46D12428D0E7}.Release|Any CPU.ActiveCfg = Release|Any CPU
		{F04AFAEF-0FF6-4827-ACB1-46D12428D0E7}.Release|Any CPU.Build.0 = Release|Any CPU
	EndGlobalSection
	GlobalSection(SolutionProperties) = preSolution
		HideSolutionNode = FALSE
	EndGlobalSection
	GlobalSection(ExtensibilityGlobals) = postSolution
		SolutionGuid = {5A3D7A10-858D-4BE3-BD59-EB7786C166A2}
	EndGlobalSection
EndGlobal
